{
  "name": "Scheduler",
  "lockfileVersion": 3,
  "requires": true,
  "packages": {
    "": {
      "dependencies": {
        "@syncfusion/ej2-react-buttons": "^23.1.41"
      }
    },
    "node_modules/@syncfusion/ej2-base": {
      "version": "23.1.41",
      "resolved": "https://registry.npmjs.org/@syncfusion/ej2-base/-/ej2-base-23.1.41.tgz",
      "integrity": "sha512-ROtvuLIVkKl4eL+ubQjQQLleRMY98nYlxlBaFw4axtiDLoBbzOYtiFXmdP/KE+uNrMquZAwl+aduPX0loG3EAw==",
      "dependencies": {
        "@syncfusion/ej2-icons": "~23.1.36"
      },
      "bin": {
        "syncfusion-license": "bin/syncfusion-license.js"
      }
    },
    "node_modules/@syncfusion/ej2-buttons": {
      "version": "23.1.41",
      "resolved": "https://registry.npmjs.org/@syncfusion/ej2-buttons/-/ej2-buttons-23.1.41.tgz",
      "integrity": "sha512-nuCd8pqSrYFZIcPRGH1fS8GiFEj52X14cl5iSVn+odzi7Nkim6FcwE2yfbEGA8iXUeNcexHUOrq/gu1T2i+6MA==",
      "dependencies": {
        "@syncfusion/ej2-base": "~23.1.41"
      }
    },
    "node_modules/@syncfusion/ej2-icons": {
      "version": "23.1.36",
      "resolved": "https://registry.npmjs.org/@syncfusion/ej2-icons/-/ej2-icons-23.1.36.tgz",
      "integrity": "sha512-Q7S50bOzXL9X46doNIGSGr61RCY/1RW9iz1U7yyARr2XBQhWnijk+t/FVBk1piR0nioRXbKQcPZOLiEo6zf1xw=="
    },
    "node_modules/@syncfusion/ej2-react-base": {
      "version": "23.1.36",
      "resolved": "https://registry.npmjs.org/@syncfusion/ej2-react-base/-/ej2-react-base-23.1.36.tgz",
      "integrity": "sha512-tjBondPukYCVnM9wqgkxdjeF/Le16OmGuzgJJMLEuMnXJE5SnSi+oqkfudXdn/4yBSm8kt11stwxHP9FE6NdIQ==",
      "dependencies": {
        "@syncfusion/ej2-base": "~23.1.36"
      }
    },
    "node_modules/@syncfusion/ej2-react-buttons": {
      "version": "23.1.41",
      "resolved": "https://registry.npmjs.org/@syncfusion/ej2-react-buttons/-/ej2-react-buttons-23.1.41.tgz",
      "integrity": "sha512-W+hy6FtysQSJEZyiSsnp7KduUazR6/fDRnJZXu36oeMhDCHx/NMUH+3Ua93J7IxrXGNycp3pdoOjpVAKhpNrGA==",
      "dependencies": {
        "@syncfusion/ej2-base": "~23.1.41",
        "@syncfusion/ej2-buttons": "23.1.41",
        "@syncfusion/ej2-react-base": "~23.1.36"
      }
    }
  }
}
